
Microsoft Visual Studio Solution File, Format Version 12.00
# Visual Studio Version 17
VisualStudioVersion = 17.8.34316.72
MinimumVisualStudioVersion = 10.0.40219.1
Project("{8BC9CEB8-8B4A-11D0-8D11-00A0C91BC942}") = "4-2", "4-2\4-2.vcxproj", "{EEAA4B1B-2AE4-48EF-B179-5672E89AC4B7}"
EndProject
Global
	GlobalSection(SolutionConfigurationPlatforms) = preSolution
		Debug|x64 = Debug|x64
		Debug|x86 = Debug|x86
		Release|x64 = Release|x64
		Release|x86 = Release|x86
	EndGlobalSection
	GlobalSection(ProjectConfigurationPlatforms) = postSolution
		{EEAA4B1B-2AE4-48EF-B179-5672E89AC4B7}.Debug|x64.ActiveCfg = Debug|x64
		{EEAA4B1B-2AE4-48EF-B179-5672E89AC4B7}.Debug|x64.Build.0 = Debug|x64
		{EEAA4B1B-2AE4-48EF-B179-5672E89AC4B7}.Debug|x86.ActiveCfg = Debug|Win32
		{EEAA4B1B-2AE4-48EF-B179-5672E89AC4B7}.Debug|x86.Build.0 = Debug|Win32
		{EEAA4B1B-2AE4-48EF-B179-5672E89AC4B7}.Release|x64.ActiveCfg = Release|x64
		{EEAA4B1B-2AE4-48EF-B179-5672E89AC4B7}.Release|x64.Build.0 = Release|x64
		{EEAA4B1B-2AE4-48EF-B179-5672E89AC4B7}.Release|x86.ActiveCfg = Release|Win32
		{EEAA4B1B-2AE4-48EF-B179-5672E89AC4B7}.Release|x86.Build.0 = Release|Win32
	EndGlobalSection
	GlobalSection(SolutionProperties) = preSolution
		HideSolutionNode = FALSE
	EndGlobalSection
	GlobalSection(ExtensibilityGlobals) = postSolution
		SolutionGuid = {8DF220DA-7C5B-40AC-88BC-700DE23D8D4A}
	EndGlobalSection
EndGlobal
